
Microsoft Visual Studio Solution File, Format Version 12.00
# Visual Studio 15
Project("{FAE04EC0-301F-11D3-BF4B-00C04F79EFBC}") = "Assembly-CSharp", "Assembly-CSharp.csproj", "{93E7BBB9-BF54-D1C0-1164-3BF83516CA32}"
EndProject
Project("{FAE04EC0-301F-11D3-BF4B-00C04F79EFBC}") = "Assembly-CSharp-Editor", "Assembly-CSharp-Editor.csproj", "{1E0B1C5F-9129-A7D0-0F4D-6AB01D7623AF}"
EndProject
Global
	GlobalSection(SolutionConfigurationPlatforms) = preSolution
		Debug|Any CPU = Debug|Any CPU
		Release|Any CPU = Release|Any CPU
	EndGlobalSection
	GlobalSection(ProjectConfigurationPlatforms) = postSolution
		{93E7BBB9-BF54-D1C0-1164-3BF83516CA32}.Debug|Any CPU.ActiveCfg = Debug|Any CPU
		{93E7BBB9-BF54-D1C0-1164-3BF83516CA32}.Debug|Any CPU.Build.0 = Debug|Any CPU
		{93E7BBB9-BF54-D1C0-1164-3BF83516CA32}.Release|Any CPU.ActiveCfg = Release|Any CPU
		{93E7BBB9-BF54-D1C0-1164-3BF83516CA32}.Release|Any CPU.Build.0 = Release|Any CPU
		{1E0B1C5F-9129-A7D0-0F4D-6AB01D7623AF}.Debug|Any CPU.ActiveCfg = Debug|Any CPU
		{1E0B1C5F-9129-A7D0-0F4D-6AB01D7623AF}.Debug|Any CPU.Build.0 = Debug|Any CPU
		{1E0B1C5F-9129-A7D0-0F4D-6AB01D7623AF}.Release|Any CPU.ActiveCfg = Release|Any CPU
		{1E0B1C5F-9129-A7D0-0F4D-6AB01D7623AF}.Release|Any CPU.Build.0 = Release|Any CPU
	EndGlobalSection
	GlobalSection(SolutionProperties) = preSolution
		HideSolutionNode = FALSE
	EndGlobalSection
EndGlobal
